
Microsoft Visual Studio Solution File, Format Version 12.00
# Visual Studio Version 17
VisualStudioVersion = 17.9.34622.214
MinimumVisualStudioVersion = 10.0.40219.1
Project("{FAE04EC0-301F-11D3-BF4B-00C04F79EFBC}") = "Socky", "Socky.csproj", "{B32F7D79-2506-4FCA-8C74-89E373E02F39}"
EndProject
Global
	GlobalSection(SolutionConfigurationPlatforms) = preSolution
		Debug|Any CPU = Debug|Any CPU
		Release|Any CPU = Release|Any CPU
	EndGlobalSection
	GlobalSection(ProjectConfigurationPlatforms) = postSolution
		{B32F7D79-2506-4FCA-8C74-89E373E02F39}.Debug|Any CPU.ActiveCfg = Debug|Any CPU
		{B32F7D79-2506-4FCA-8C74-89E373E02F39}.Debug|Any CPU.Build.0 = Debug|Any CPU
		{B32F7D79-2506-4FCA-8C74-89E373E02F39}.Release|Any CPU.ActiveCfg = Release|Any CPU
		{B32F7D79-2506-4FCA-8C74-89E373E02F39}.Release|Any CPU.Build.0 = Release|Any CPU
	EndGlobalSection
	GlobalSection(SolutionProperties) = preSolution
		HideSolutionNode = FALSE
	EndGlobalSection
	GlobalSection(ExtensibilityGlobals) = postSolution
		SolutionGuid = {1E2F267C-831D-46E2-987B-CA7BF706301A}
	EndGlobalSection
EndGlobal
